
Microsoft Visual Studio Solution File, Format Version 12.00
# Visual Studio Version 17
VisualStudioVersion = 17.4.33205.214
MinimumVisualStudioVersion = 10.0.40219.1
Project("{FAE04EC0-301F-11D3-BF4B-00C04F79EFBC}") = "NewYork.Server", "NewYork\Server\NewYork.Server.csproj", "{61A96539-94D6-424C-9206-79CCAEC83FB1}"
EndProject
Project("{FAE04EC0-301F-11D3-BF4B-00C04F79EFBC}") = "NewYork.Client", "NewYork\Client\NewYork.Client.csproj", "{27EE458F-989F-411E-B04A-C6B811B1CBF5}"
EndProject
Project("{FAE04EC0-301F-11D3-BF4B-00C04F79EFBC}") = "NewYork.Shared", "NewYork\Shared\NewYork.Shared.csproj", "{45550737-D9FD-42D3-BB0A-4FF5B7ADC4ED}"
EndProject
Global
	GlobalSection(SolutionConfigurationPlatforms) = preSolution
		Debug|Any CPU = Debug|Any CPU
		Release|Any CPU = Release|Any CPU
	EndGlobalSection
	GlobalSection(ProjectConfigurationPlatforms) = postSolution
		{61A96539-94D6-424C-9206-79CCAEC83FB1}.Debug|Any CPU.ActiveCfg = Debug|Any CPU
		{61A96539-94D6-424C-9206-79CCAEC83FB1}.Debug|Any CPU.Build.0 = Debug|Any CPU
		{61A96539-94D6-424C-9206-79CCAEC83FB1}.Release|Any CPU.ActiveCfg = Release|Any CPU
		{61A96539-94D6-424C-9206-79CCAEC83FB1}.Release|Any CPU.Build.0 = Release|Any CPU
		{27EE458F-989F-411E-B04A-C6B811B1CBF5}.Debug|Any CPU.ActiveCfg = Debug|Any CPU
		{27EE458F-989F-411E-B04A-C6B811B1CBF5}.Debug|Any CPU.Build.0 = Debug|Any CPU
		{27EE458F-989F-411E-B04A-C6B811B1CBF5}.Release|Any CPU.ActiveCfg = Release|Any CPU
		{27EE458F-989F-411E-B04A-C6B811B1CBF5}.Release|Any CPU.Build.0 = Release|Any CPU
		{45550737-D9FD-42D3-BB0A-4FF5B7ADC4ED}.Debug|Any CPU.ActiveCfg = Debug|Any CPU
		{45550737-D9FD-42D3-BB0A-4FF5B7ADC4ED}.Debug|Any CPU.Build.0 = Debug|Any CPU
		{45550737-D9FD-42D3-BB0A-4FF5B7ADC4ED}.Release|Any CPU.ActiveCfg = Release|Any CPU
		{45550737-D9FD-42D3-BB0A-4FF5B7ADC4ED}.Release|Any CPU.Build.0 = Release|Any CPU
	EndGlobalSection
	GlobalSection(SolutionProperties) = preSolution
		HideSolutionNode = FALSE
	EndGlobalSection
	GlobalSection(ExtensibilityGlobals) = postSolution
		SolutionGuid = {0194E397-0E5B-45B1-B0DF-30896454D79C}
	EndGlobalSection
EndGlobal
